{
  "object": {
    "pins": [
      {
        "package": "Clibcuda",
        "repositoryURL": "git@githb.com:ilmco/Clibcuda.git",
        "state": {
          "branch": null,
          "revision": "687abf781eaba497b5329439472abb15339a09e8",
          "version": "9.0.0"
        }
      },
      {
        "package": "Clibvisionworks",
        "repositoryURL": "git@githb.com:ilmco/Clibvisionworks.git",
        "state": {
          "branch": "master",
          "revision": "cdb7a9fd53a2f2ced5840c168b7de7b8485b1b8b",
          "version": null
        }
      }
    ]
  },
  "version": 1
}
