{
  "object": {
    "pins": [
      {
        "package": "Clibcuda",
        "repositoryURL": "git@github.com:ilmco/Clibcuda.git",
        "state": {
          "branch": "master",
          "revision": "1419e94870bae7bd226f76ed7a4ffc662b76831c",
          "version": null
        }
      }
    ]
  },
  "version": 1
}
